
Microsoft Visual Studio Solution File, Format Version 12.00
# Visual Studio Version 17
VisualStudioVersion = 17.5.002.0
MinimumVisualStudioVersion = 10.0.40219.1
Project("{9A19103F-16F7-4668-BE54-9A1E7A4F7556}") = "spark", "backend/spark.csproj", "{742A1D65-EC05-4B39-8A31-E3D8163C57AE}"
EndProject
Project("{9A19103F-16F7-4668-BE54-9A1E7A4F7556}") = "spark.Tests", "backend/tests/spark.Tests.csproj", "{484FD643-25ED-4342-BE4B-ADB0436066D8}"
EndProject
Global
	GlobalSection(SolutionConfigurationPlatforms) = preSolution
		Debug|Any CPU = Debug|Any CPU
		Release|Any CPU = Release|Any CPU
	EndGlobalSection
	GlobalSection(ProjectConfigurationPlatforms) = postSolution
		{742A1D65-EC05-4B39-8A31-E3D8163C57AE}.Debug|Any CPU.ActiveCfg = Debug|Any CPU
		{742A1D65-EC05-4B39-8A31-E3D8163C57AE}.Debug|Any CPU.Build.0 = Debug|Any CPU
		{742A1D65-EC05-4B39-8A31-E3D8163C57AE}.Release|Any CPU.ActiveCfg = Release|Any CPU
		{742A1D65-EC05-4B39-8A31-E3D8163C57AE}.Release|Any CPU.Build.0 = Release|Any CPU
		{484FD643-25ED-4342-BE4B-ADB0436066D8}.Debug|Any CPU.ActiveCfg = Debug|Any CPU
		{484FD643-25ED-4342-BE4B-ADB0436066D8}.Debug|Any CPU.Build.0 = Debug|Any CPU
		{484FD643-25ED-4342-BE4B-ADB0436066D8}.Release|Any CPU.ActiveCfg = Release|Any CPU
		{484FD643-25ED-4342-BE4B-ADB0436066D8}.Release|Any CPU.Build.0 = Release|Any CPU
	EndGlobalSection
	GlobalSection(SolutionProperties) = preSolution
		HideSolutionNode = FALSE
	EndGlobalSection
	GlobalSection(ExtensibilityGlobals) = postSolution
		SolutionGuid = {76B8BF26-7849-464C-B076-6BE09E560085}
	EndGlobalSection
EndGlobal
